{
    "name": "azure-ai-service-cloudwatch-trigger",
    "version": "0.0.0",
    "lockfileVersion": 1,
    "requires": true,
    "dependencies": {
        "@aws-sdk/service-error-classification": {
            "version": "3.36.0",
            "resolved": "http://localhost:4873/@aws-sdk%2fservice-error-classification/-/service-error-classification-3.36.0.tgz",
            "integrity": "sha512-y3m/Gc1kSZBX1Dvg3lnu3TxteW2WqjFGc5Y1XBqjOdmQ5JmE1GZz+s9inGfP6N/5v56qQfhTeVCABh1Anq+jEw=="
        },
        "@aws-sdk/types": {
            "version": "3.36.0",
            "resolved": "http://localhost:4873/@aws-sdk%2ftypes/-/types-3.36.0.tgz",
            "integrity": "sha512-OeaTDZqo4OfGahgsZF2viOWxSSNColEUf8RbKAWNlke3nkMu3JW8kkft1Qte6jvoQxZ3jOQWi33Z4LUxix/V7A=="
        },
        "@mcma/api": {
            "version": "0.14.7",
            "resolved": "http://localhost:4873/@mcma%2fapi/-/api-0.14.7.tgz",
            "integrity": "sha512-QKSN3nNJp56mGRzJ/hR0pLD+svNYGRaGc7cWmhr1WEinHfSARoz/qCkxAQcKIeqmonKeBFsgref2NsyFlA0+tQ==",
            "requires": {
                "@types/uri-templates": "^0.1.30",
                "pluralize": "^7.0.0",
                "uri-templates": "^0.2.0",
                "uuid": "^7.0.3"
            },
            "dependencies": {
                "uuid": {
                    "version": "7.0.3",
                    "resolved": "http://localhost:4873/uuid/-/uuid-7.0.3.tgz",
                    "integrity": "sha512-DPSke0pXhTZgoF/d+WSt2QaKMCFSfx7QegxEWT+JOuHF5aWrKEn0G+ztjuJg/gG8/ItK+rbPCD/yNv8yyih6Cg=="
                }
            }
        },
        "@mcma/aws-client": {
            "version": "0.14.7",
            "resolved": "http://localhost:4873/@mcma%2faws-client/-/aws-client-0.14.7.tgz",
            "integrity": "sha512-I5Z2DrPIYNKPFj7Cfp8I6GkBw4wFXfKFPjFvg8X6cyszyM4NSIltDONoahnNhQqmySYZuM7dUVzINZoeGxdhBQ==",
            "requires": {
                "crypto-js": "^3.1.9-1"
            }
        },
        "@mcma/aws-dynamodb": {
            "version": "0.14.7",
            "resolved": "http://localhost:4873/@mcma%2faws-dynamodb/-/aws-dynamodb-0.14.7.tgz",
            "integrity": "sha512-zyBzuEsIYBh/7SCWn5GKnB4HmK+66PZr9QuB+DH1t0Jip3jjzrKe4d1MnUSuZxfFCOG6Pz3gtuhsyb41Wc5deQ==",
            "requires": {
                "aws-sdk": "^2.1000.0"
            }
        },
        "@mcma/aws-lambda-worker-invoker": {
            "version": "0.14.7",
            "resolved": "http://localhost:4873/@mcma%2faws-lambda-worker-invoker/-/aws-lambda-worker-invoker-0.14.7.tgz",
            "integrity": "sha512-CrlhzEO0pVBxwtov/pzRhuPSWg3PpFALOv9B2Cxc1/c3enh2BhRIAxEjj/ZEidWnheXSpMsiFVSUVZwQfv2moA==",
            "requires": {
                "aws-sdk": "^2.1000.0"
            }
        },
        "@mcma/aws-logger": {
            "version": "0.14.7",
            "resolved": "http://localhost:4873/@mcma%2faws-logger/-/aws-logger-0.14.7.tgz",
            "integrity": "sha512-nJgz9PXGhUv6SZKa3ayG0dbswETW5KSDv1zLqdXjg1ehAPQ6ENpH8cNB8A8Z4Y7Vh+X5utFhxr74d7ntDXVExg==",
            "requires": {
                "aws-sdk": "^2.1000.0",
                "uuid": "^7.0.3"
            },
            "dependencies": {
                "uuid": {
                    "version": "7.0.3",
                    "resolved": "http://localhost:4873/uuid/-/uuid-7.0.3.tgz",
                    "integrity": "sha512-DPSke0pXhTZgoF/d+WSt2QaKMCFSfx7QegxEWT+JOuHF5aWrKEn0G+ztjuJg/gG8/ItK+rbPCD/yNv8yyih6Cg=="
                }
            }
        },
        "@mcma/aws-s3": {
            "version": "0.14.7",
            "resolved": "http://localhost:4873/@mcma%2faws-s3/-/aws-s3-0.14.7.tgz",
            "integrity": "sha512-T+YozB0iFs4db/+fKOiGYN7sVVR5GSHpHAjNcBDsKy6V0oKPBVsyqhLxENEDohXNPqw4vdGWJffBbgR8uZkOmw==",
            "requires": {
                "aws-sdk": "^2.1000.0"
            }
        },
        "@mcma/client": {
            "version": "0.14.7",
            "resolved": "http://localhost:4873/@mcma%2fclient/-/client-0.14.7.tgz",
            "integrity": "sha512-rUv0z0j6GfSKpmQXLbcTva13vC0/9i2mVOF3DAT4QNTCLIbapkSLkXf4OLSjIznP4wzU5KzEyjoV4bGtT2v9TA==",
            "requires": {
                "axios": "^0.24.0"
            },
            "dependencies": {
                "axios": {
                    "version": "0.24.0",
                    "resolved": "https://registry.npmjs.org/axios/-/axios-0.24.0.tgz",
                    "integrity": "sha512-Q6cWsys88HoPgAaFAVUb0WpPk0O8iTeisR9IMqy9G8AbO4NlpVknrnQS03zzF9PGAWgO3cgletO3VjV/P7VztA==",
                    "requires": {
                        "follow-redirects": "^1.14.4"
                    }
                }
            }
        },
        "@mcma/core": {
            "version": "0.14.7",
            "resolved": "http://localhost:4873/@mcma%2fcore/-/core-0.14.7.tgz",
            "integrity": "sha512-zh+Uo49CWQJAs0bzHkBYfVsmJKKls9jvQGhckYkMi/Yosco+d1R4isPBFCosr0er0wPagM6mh0Nu8SESfpI4+w==",
            "requires": {
                "uuid": "^7.0.3"
            },
            "dependencies": {
                "uuid": {
                    "version": "7.0.3",
                    "resolved": "http://localhost:4873/uuid/-/uuid-7.0.3.tgz",
                    "integrity": "sha512-DPSke0pXhTZgoF/d+WSt2QaKMCFSfx7QegxEWT+JOuHF5aWrKEn0G+ztjuJg/gG8/ItK+rbPCD/yNv8yyih6Cg=="
                }
            }
        },
        "@mcma/data": {
            "version": "0.14.7",
            "resolved": "http://localhost:4873/@mcma%2fdata/-/data-0.14.7.tgz",
            "integrity": "sha512-EzskMVCyL9jC3ZtypK5XHlvucaIu0QnpkCWEx65TJLv7+Ns0JXTQjDucXhWIg0etvLwi/2xi+8++SX7umFIa3g=="
        },
        "@mcma/worker": {
            "version": "0.14.7",
            "resolved": "http://localhost:4873/@mcma%2fworker/-/worker-0.14.7.tgz",
            "integrity": "sha512-YPYjMoecNL59upm6pIpalgy5i1gkmznd67/zXRwRLMVTTavSUY0Z+AYH//5PJE8ptaJqptaQAYooUbZbeAlKTg=="
        },
        "@mcma/worker-invoker": {
            "version": "0.14.7",
            "resolved": "http://localhost:4873/@mcma%2fworker-invoker/-/worker-invoker-0.14.7.tgz",
            "integrity": "sha512-efwKnpESxcrVM5yUoAWqTDcWQFl5350Z2cPRocgKTU97A2VBY7UDoau9eGX3uRNPAYu/xokyxvzf2XMftJ0aGQ=="
        },
        "@types/aws-lambda": {
            "version": "8.10.84",
            "resolved": "http://localhost:4873/@types%2faws-lambda/-/aws-lambda-8.10.84.tgz",
            "integrity": "sha512-5V78eLtmN0d4RA14hKDwcsMQRl3JotQJlhGFDBo/jdE2TyDFRaYwB/UmMUC4SzhSvRGn+YMkh7jGPnXi8COAng==",
            "dev": true
        },
        "@types/body-parser": {
            "version": "1.19.1",
            "resolved": "http://localhost:4873/@types%2fbody-parser/-/body-parser-1.19.1.tgz",
            "integrity": "sha512-a6bTJ21vFOGIkwM0kzh9Yr89ziVxq4vYH2fQ6N8AeipEzai/cFK6aGMArIkUeIdRIgpwQa+2bXiLuUJCpSf2Cg==",
            "requires": {
                "@types/connect": "*",
                "@types/node": "*"
            }
        },
        "@types/cls-hooked": {
            "version": "4.3.3",
            "resolved": "http://localhost:4873/@types%2fcls-hooked/-/cls-hooked-4.3.3.tgz",
            "integrity": "sha512-gNstDTb/ty5h6gJd6YpSPgsLX9LmRpaKJqGFp7MRlYxhwp4vXXKlJ9+bt1TZ9KbVNXE+Mbxy2AYXcpY21DDtJw==",
            "requires": {
                "@types/node": "*"
            }
        },
        "@types/connect": {
            "version": "3.4.35",
            "resolved": "http://localhost:4873/@types%2fconnect/-/connect-3.4.35.tgz",
            "integrity": "sha512-cdeYyv4KWoEgpBISTxWvqYsVy444DOqehiF3fM3ne10AmJ62RSyNkUnxMJXHQWRQQX2eR94m5y1IZyDwBjV9FQ==",
            "requires": {
                "@types/node": "*"
            }
        },
        "@types/express": {
            "version": "4.17.13",
            "resolved": "http://localhost:4873/@types%2fexpress/-/express-4.17.13.tgz",
            "integrity": "sha512-6bSZTPaTIACxn48l50SR+axgrqm6qXFIxrdAKaG6PaJk3+zuUr35hBlgT7vOmJcum+OEaIBLtHV/qloEAFITeA==",
            "requires": {
                "@types/body-parser": "*",
                "@types/express-serve-static-core": "^4.17.18",
                "@types/qs": "*",
                "@types/serve-static": "*"
            }
        },
        "@types/express-serve-static-core": {
            "version": "4.17.24",
            "resolved": "http://localhost:4873/@types%2fexpress-serve-static-core/-/express-serve-static-core-4.17.24.tgz",
            "integrity": "sha512-3UJuW+Qxhzwjq3xhwXm2onQcFHn76frIYVbTu+kn24LFxI+dEhdfISDFovPB8VpEgW8oQCTpRuCe+0zJxB7NEA==",
            "requires": {
                "@types/node": "*",
                "@types/qs": "*",
                "@types/range-parser": "*"
            }
        },
        "@types/mime": {
            "version": "1.3.2",
            "resolved": "http://localhost:4873/@types%2fmime/-/mime-1.3.2.tgz",
            "integrity": "sha512-YATxVxgRqNH6nHEIsvg6k2Boc1JHI9ZbH5iWFFv/MTkchz3b1ieGDa5T0a9RznNdI0KhVbdbWSN+KWWrQZRxTw=="
        },
        "@types/mysql": {
            "version": "2.15.19",
            "resolved": "http://localhost:4873/@types%2fmysql/-/mysql-2.15.19.tgz",
            "integrity": "sha512-wSRg2QZv14CWcZXkgdvHbbV2ACufNy5EgI8mBBxnJIptchv7DBy/h53VMa2jDhyo0C9MO4iowE6z9vF8Ja1DkQ==",
            "requires": {
                "@types/node": "*"
            }
        },
        "@types/node": {
            "version": "14.17.24",
            "resolved": "http://localhost:4873/@types%2fnode/-/node-14.17.24.tgz",
            "integrity": "sha512-7K90qqJibm6pbNuVnwOca/jUQeSzKuFaxDlKVGQ78e9nFRDPPT+WcA8OoFJ903U8GRwKnDF0nihwbyv4SE0sUw=="
        },
        "@types/pg": {
            "version": "8.6.1",
            "resolved": "http://localhost:4873/@types%2fpg/-/pg-8.6.1.tgz",
            "integrity": "sha512-1Kc4oAGzAl7uqUStZCDvaLFqZrW9qWSjXOmBfdgyBP5La7Us6Mg4GBvRlSoaZMhQF/zSj1C8CtKMBkoiT8eL8w==",
            "requires": {
                "@types/node": "*",
                "pg-protocol": "*",
                "pg-types": "^2.2.0"
            }
        },
        "@types/qs": {
            "version": "6.9.7",
            "resolved": "http://localhost:4873/@types%2fqs/-/qs-6.9.7.tgz",
            "integrity": "sha512-FGa1F62FT09qcrueBA6qYTrJPVDzah9a+493+o2PCXsesWHIn27G98TsSMs3WPNbZIEj4+VJf6saSFpvD+3Zsw=="
        },
        "@types/range-parser": {
            "version": "1.2.4",
            "resolved": "http://localhost:4873/@types%2frange-parser/-/range-parser-1.2.4.tgz",
            "integrity": "sha512-EEhsLsD6UsDM1yFhAvy0Cjr6VwmpMWqFBCb9w07wVugF7w9nfajxLuVmngTIpgS6svCnm6Vaw+MZhoDCKnOfsw=="
        },
        "@types/serve-static": {
            "version": "1.13.10",
            "resolved": "http://localhost:4873/@types%2fserve-static/-/serve-static-1.13.10.tgz",
            "integrity": "sha512-nCkHGI4w7ZgAdNkrEu0bv+4xNV/XDqW+DydknebMOQwkpDGx8G+HTlj7R7ABI8i8nKxVw0wtKPi1D+lPOkh4YQ==",
            "requires": {
                "@types/mime": "^1",
                "@types/node": "*"
            }
        },
        "@types/uri-templates": {
            "version": "0.1.31",
            "resolved": "http://localhost:4873/@types%2furi-templates/-/uri-templates-0.1.31.tgz",
            "integrity": "sha512-sCokykpau15/CwBZvZg+HfcDcwre4/J3Zj7XyQgUrLS9OOdExIyK1tQ1tfQtM0P9qGU/U5y50FQOxqDX5rhcrQ=="
        },
        "@types/uuid": {
            "version": "8.3.1",
            "resolved": "http://localhost:4873/@types%2fuuid/-/uuid-8.3.1.tgz",
            "integrity": "sha512-Y2mHTRAbqfFkpjldbkHGY8JIzRN6XqYRliG8/24FcHm2D2PwW24fl5xMRTVGdrb7iMrwCaIEbLWerGIkXuFWVg==",
            "dev": true
        },
        "async-hook-jl": {
            "version": "1.7.6",
            "resolved": "http://localhost:4873/async-hook-jl/-/async-hook-jl-1.7.6.tgz",
            "integrity": "sha512-gFaHkFfSxTjvoxDMYqDuGHlcRyUuamF8s+ZTtJdDzqjws4mCt7v0vuV79/E2Wr2/riMQgtG4/yUtXWs1gZ7JMg==",
            "requires": {
                "stack-chain": "^1.3.7"
            }
        },
        "atomic-batcher": {
            "version": "1.0.2",
            "resolved": "http://localhost:4873/atomic-batcher/-/atomic-batcher-1.0.2.tgz",
            "integrity": "sha1-0WkB0QzOxZUWwZe5zNiTBom4E7Q="
        },
        "aws-sdk": {
            "version": "2.1006.0",
            "resolved": "http://localhost:4873/aws-sdk/-/aws-sdk-2.1006.0.tgz",
            "integrity": "sha512-lwXAy706+1HVQqMnHaahdeBZZbdu6TWrtTY0ydeG0qanwldTFNMLczwnETTZWYsqNAU+wjl1VzmFdMO4gePLNQ==",
            "requires": {
                "buffer": "4.9.2",
                "events": "1.1.1",
                "ieee754": "1.1.13",
                "jmespath": "0.15.0",
                "querystring": "0.2.0",
                "sax": "1.2.1",
                "url": "0.10.3",
                "uuid": "3.3.2",
                "xml2js": "0.4.19"
            },
            "dependencies": {
                "uuid": {
                    "version": "3.3.2",
                    "resolved": "https://registry.npmjs.org/uuid/-/uuid-3.3.2.tgz",
                    "integrity": "sha512-yXJmeNaw3DnnKAOKJE51sL/ZaYfWJRl1pK9dr19YFCu0ObS231AB1/LbqTKRAQ5kw8A90rA6fr4riOUpTZvQZA=="
                }
            }
        },
        "aws-xray-sdk": {
            "version": "3.3.3",
            "resolved": "http://localhost:4873/aws-xray-sdk/-/aws-xray-sdk-3.3.3.tgz",
            "integrity": "sha512-bGO/HolPGW8N39wUuERbn0GPlwgAmDrgt7nKYXR2ecRq2YauKQOHS8K+kD4aZ6QSZnlP5CrYMmtU6BnMkt3DUQ==",
            "requires": {
                "aws-xray-sdk-core": "3.3.3",
                "aws-xray-sdk-express": "3.3.3",
                "aws-xray-sdk-mysql": "3.3.3",
                "aws-xray-sdk-postgres": "3.3.3"
            }
        },
        "aws-xray-sdk-core": {
            "version": "3.3.3",
            "resolved": "http://localhost:4873/aws-xray-sdk-core/-/aws-xray-sdk-core-3.3.3.tgz",
            "integrity": "sha512-S8o+ZY12wEnDQolC5RGQ8RHZqezHeV3l/ODqrYOJAlRjT92FDutQkQqTfr+hD1Ia+puIXzL9U7eyVSsKmoI+1w==",
            "requires": {
                "@aws-sdk/service-error-classification": "^3.4.1",
                "@aws-sdk/types": "^3.4.1",
                "@types/cls-hooked": "^4.3.3",
                "atomic-batcher": "^1.0.2",
                "cls-hooked": "^4.2.2",
                "semver": "^5.3.0"
            }
        },
        "aws-xray-sdk-express": {
            "version": "3.3.3",
            "resolved": "http://localhost:4873/aws-xray-sdk-express/-/aws-xray-sdk-express-3.3.3.tgz",
            "integrity": "sha512-VLDfpWWlYUEqA/f3OWaPHk6lAlONrAbG8ECcCPKT3skhWe8LL3bCDFZJOs08V+3ZgBCjm8iMStlXxnNu+XHevw==",
            "requires": {
                "@types/express": "*"
            }
        },
        "aws-xray-sdk-mysql": {
            "version": "3.3.3",
            "resolved": "http://localhost:4873/aws-xray-sdk-mysql/-/aws-xray-sdk-mysql-3.3.3.tgz",
            "integrity": "sha512-BkwrT5Zu+og1nT+g0FgQRpdidKr3g9snTFHsirwbJATO0pmGNuuUjBUMTFyydTTSwa7ocqL9wPsmOmqY9kPZig==",
            "requires": {
                "@types/mysql": "*"
            }
        },
        "aws-xray-sdk-postgres": {
            "version": "3.3.3",
            "resolved": "http://localhost:4873/aws-xray-sdk-postgres/-/aws-xray-sdk-postgres-3.3.3.tgz",
            "integrity": "sha512-Fu6+XpkiOgyFiivKj3kppXdYzwGIoijiq1q9FJb/tbxfOLSTHunJpS5WzTuNdzOUJdvTtPDimcE4jjqS+4a5FQ==",
            "requires": {
                "@types/pg": "*"
            }
        },
        "axios": {
            "version": "0.23.0",
            "resolved": "http://localhost:4873/axios/-/axios-0.23.0.tgz",
            "integrity": "sha512-NmvAE4i0YAv5cKq8zlDoPd1VLKAqX5oLuZKs8xkJa4qi6RGn0uhCYFjWtHHC9EM/MwOwYWOs53W+V0aqEXq1sg==",
            "requires": {
                "follow-redirects": "^1.14.4"
            }
        },
        "balanced-match": {
            "version": "1.0.0",
            "resolved": "https://registry.npmjs.org/balanced-match/-/balanced-match-1.0.0.tgz",
            "integrity": "sha1-ibTRmasr7kneFk6gK4nORi1xt2c="
        },
        "base64-js": {
            "version": "1.3.1",
            "resolved": "https://registry.npmjs.org/base64-js/-/base64-js-1.3.1.tgz",
            "integrity": "sha512-mLQ4i2QO1ytvGWFWmcngKO//JXAQueZvwEKtjgQFM4jIK0kU+ytMfplL8j+n5mspOfjHwoAg+9yhb7BwAHm36g=="
        },
        "big-integer": {
            "version": "1.6.48",
            "resolved": "http://localhost:4873/big-integer/-/big-integer-1.6.48.tgz",
            "integrity": "sha512-j51egjPa7/i+RdiRuJbPdJ2FIUYYPhvYLjzoYbcMMm62ooO6F94fETG4MTs46zPAF9Brs04OajboA/qTGuz78w=="
        },
        "binary": {
            "version": "0.3.0",
            "resolved": "https://registry.npmjs.org/binary/-/binary-0.3.0.tgz",
            "integrity": "sha1-n2BVO8XOjDOG87VTz/R0Yq3sqnk=",
            "requires": {
                "buffers": "~0.1.1",
                "chainsaw": "~0.1.0"
            }
        },
        "bluebird": {
            "version": "3.4.7",
            "resolved": "http://localhost:4873/bluebird/-/bluebird-3.4.7.tgz",
            "integrity": "sha1-9y12C+Cbf3bQjtj66Ysomo0F+rM="
        },
        "brace-expansion": {
            "version": "1.1.11",
            "resolved": "https://registry.npmjs.org/brace-expansion/-/brace-expansion-1.1.11.tgz",
            "integrity": "sha512-iCuPHDFgrHX7H2vEI/5xpz07zSHB00TpugqhmYtVmMO6518mCuRMoOYFldEBl0g187ufozdaHgWKcYFb61qGiA==",
            "requires": {
                "balanced-match": "^1.0.0",
                "concat-map": "0.0.1"
            }
        },
        "buffer": {
            "version": "4.9.2",
            "resolved": "http://localhost:4873/buffer/-/buffer-4.9.2.tgz",
            "integrity": "sha512-xq+q3SRMOxGivLhBNaUdC64hDTQwejJ+H0T/NB1XMtTVEwNTrfFF3gAxiyW0Bu/xWEGhjVKgUcMhCrUy2+uCWg==",
            "requires": {
                "base64-js": "^1.0.2",
                "ieee754": "^1.1.4",
                "isarray": "^1.0.0"
            }
        },
        "buffer-indexof-polyfill": {
            "version": "1.0.2",
            "resolved": "http://localhost:4873/buffer-indexof-polyfill/-/buffer-indexof-polyfill-1.0.2.tgz",
            "integrity": "sha512-I7wzHwA3t1/lwXQh+A5PbNvJxgfo5r3xulgpYDB5zckTu/Z9oUK9biouBKQUjEqzaz3HnAT6TYoovmE+GqSf7A=="
        },
        "buffers": {
            "version": "0.1.1",
            "resolved": "https://registry.npmjs.org/buffers/-/buffers-0.1.1.tgz",
            "integrity": "sha1-skV5w77U1tOWru5tmorn9Ugqt7s="
        },
        "chainsaw": {
            "version": "0.1.0",
            "resolved": "https://registry.npmjs.org/chainsaw/-/chainsaw-0.1.0.tgz",
            "integrity": "sha1-XqtQsor+WAdNDVgpE4iCi15fvJg=",
            "requires": {
                "traverse": ">=0.3.0 <0.4"
            }
        },
        "cls-hooked": {
            "version": "4.2.2",
            "resolved": "http://localhost:4873/cls-hooked/-/cls-hooked-4.2.2.tgz",
            "integrity": "sha512-J4Xj5f5wq/4jAvcdgoGsL3G103BtWpZrMo8NEinRltN+xpTZdI+M38pyQqhuFU/P792xkMFvnKSf+Lm81U1bxw==",
            "requires": {
                "async-hook-jl": "^1.7.6",
                "emitter-listener": "^1.0.1",
                "semver": "^5.4.1"
            }
        },
        "concat-map": {
            "version": "0.0.1",
            "resolved": "https://registry.npmjs.org/concat-map/-/concat-map-0.0.1.tgz",
            "integrity": "sha1-2Klr13/Wjfd5OnMDajug1UBdR3s="
        },
        "core-util-is": {
            "version": "1.0.2",
            "resolved": "https://registry.npmjs.org/core-util-is/-/core-util-is-1.0.2.tgz",
            "integrity": "sha1-tf1UIgqivFq1eqtxQMlAdUUDwac="
        },
        "crypto-js": {
            "version": "3.3.0",
            "resolved": "http://localhost:4873/crypto-js/-/crypto-js-3.3.0.tgz",
            "integrity": "sha512-DIT51nX0dCfKltpRiXV+/TVZq+Qq2NgF4644+K7Ttnla7zEzqc+kjJyiB96BHNyUTBxyjzRcZYpUdZa+QAqi6Q=="
        },
        "duplexer2": {
            "version": "0.1.4",
            "resolved": "http://localhost:4873/duplexer2/-/duplexer2-0.1.4.tgz",
            "integrity": "sha1-ixLauHjA1p4+eJEFFmKjL8a93ME=",
            "requires": {
                "readable-stream": "^2.0.2"
            },
            "dependencies": {
                "readable-stream": {
                    "version": "2.3.7",
                    "resolved": "http://localhost:4873/readable-stream/-/readable-stream-2.3.7.tgz",
                    "integrity": "sha512-Ebho8K4jIbHAxnuxi7o42OrZgF/ZTNcsZj6nRKyUmkhLFq8CHItp/fy6hQZuZmP/n3yZ9VBUbp4zz/mX8hmYPw==",
                    "requires": {
                        "core-util-is": "~1.0.0",
                        "inherits": "~2.0.3",
                        "isarray": "~1.0.0",
                        "process-nextick-args": "~2.0.0",
                        "safe-buffer": "~5.1.1",
                        "string_decoder": "~1.1.1",
                        "util-deprecate": "~1.0.1"
                    }
                },
                "string_decoder": {
                    "version": "1.1.1",
                    "resolved": "http://localhost:4873/string_decoder/-/string_decoder-1.1.1.tgz",
                    "integrity": "sha512-n/ShnvDi6FHbbVfviro+WojiFzv+s8MPMHBczVePfUpDJLwoLT0ht1l4YwBCbi8pJAveEEdnkHyPyTP/mzRfwg==",
                    "requires": {
                        "safe-buffer": "~5.1.0"
                    }
                }
            }
        },
        "emitter-listener": {
            "version": "1.1.2",
            "resolved": "http://localhost:4873/emitter-listener/-/emitter-listener-1.1.2.tgz",
            "integrity": "sha512-Bt1sBAGFHY9DKY+4/2cV6izcKJUf5T7/gkdmkxzX/qv9CcGH8xSwVRW5mtX03SWJtRTWSOpzCuWN9rBFYZepZQ==",
            "requires": {
                "shimmer": "^1.2.0"
            }
        },
        "events": {
            "version": "1.1.1",
            "resolved": "https://registry.npmjs.org/events/-/events-1.1.1.tgz",
            "integrity": "sha1-nr23Y1rQmccNzEwqH1AEKI6L2SQ="
        },
        "follow-redirects": {
            "version": "1.14.4",
            "resolved": "http://localhost:4873/follow-redirects/-/follow-redirects-1.14.4.tgz",
            "integrity": "sha512-zwGkiSXC1MUJG/qmeIFH2HBJx9u0V46QGUe3YR1fXG8bXQxq7fLj0RjLZQ5nubr9qNJUZrH+xUcwXEoXNpfS+g=="
        },
        "fs.realpath": {
            "version": "1.0.0",
            "resolved": "https://registry.npmjs.org/fs.realpath/-/fs.realpath-1.0.0.tgz",
            "integrity": "sha1-FQStJSMVjKpA20onh8sBQRmU6k8="
        },
        "glob": {
            "version": "7.1.3",
            "resolved": "https://registry.npmjs.org/glob/-/glob-7.1.3.tgz",
            "integrity": "sha512-vcfuiIxogLV4DlGBHIUOwI0IbrJ8HWPc4MU7HzviGeNho/UJDfi6B5p3sHeWIQ0KGIU0Jpxi5ZHxemQfLkkAwQ==",
            "requires": {
                "fs.realpath": "^1.0.0",
                "inflight": "^1.0.4",
                "inherits": "2",
                "minimatch": "^3.0.4",
                "once": "^1.3.0",
                "path-is-absolute": "^1.0.0"
            }
        },
        "ieee754": {
            "version": "1.1.13",
            "resolved": "https://registry.npmjs.org/ieee754/-/ieee754-1.1.13.tgz",
            "integrity": "sha512-4vf7I2LYV/HaWerSo3XmlMkp5eZ83i+/CDluXi/IGTs/O1sejBNhTtnxzmRZfvOUqj7lZjqHkeTvpgSFDlWZTg=="
        },
        "inflight": {
            "version": "1.0.6",
            "resolved": "https://registry.npmjs.org/inflight/-/inflight-1.0.6.tgz",
            "integrity": "sha1-Sb1jMdfQLQwJvJEKEHW6gWW1bfk=",
            "requires": {
                "once": "^1.3.0",
                "wrappy": "1"
            }
        },
        "inherits": {
            "version": "2.0.3",
            "resolved": "https://registry.npmjs.org/inherits/-/inherits-2.0.3.tgz",
            "integrity": "sha1-Yzwsg+PaQqUC9SRmAiSA9CCCYd4="
        },
        "isarray": {
            "version": "1.0.0",
            "resolved": "https://registry.npmjs.org/isarray/-/isarray-1.0.0.tgz",
            "integrity": "sha1-u5NdSFgsuhaMBoNJV6VKPgcSTxE="
        },
        "jmespath": {
            "version": "0.15.0",
            "resolved": "https://registry.npmjs.org/jmespath/-/jmespath-0.15.0.tgz",
            "integrity": "sha1-o/Iiqarp+Wb10nx5ZRDigJF2Qhc="
        },
        "listenercount": {
            "version": "1.0.1",
            "resolved": "http://localhost:4873/listenercount/-/listenercount-1.0.1.tgz",
            "integrity": "sha1-hMinKrWcRyUyFIDJdeZQg0LnCTc="
        },
        "minimatch": {
            "version": "3.0.4",
            "resolved": "https://registry.npmjs.org/minimatch/-/minimatch-3.0.4.tgz",
            "integrity": "sha512-yJHVQEhyqPLUTgt9B83PXu6W3rx4MvvHvSUvToogpwoGDOUQ+yDrR0HRot+yOCdCO7u4hX3pWft6kWBBcqh0UA==",
            "requires": {
                "brace-expansion": "^1.1.7"
            }
        },
        "minimist": {
            "version": "0.0.8",
            "resolved": "http://registry.npmjs.org/minimist/-/minimist-0.0.8.tgz",
            "integrity": "sha1-hX/Kv8M5fSYluCKCYuhqp6ARsF0="
        },
        "mkdirp": {
            "version": "0.5.1",
            "resolved": "http://registry.npmjs.org/mkdirp/-/mkdirp-0.5.1.tgz",
            "integrity": "sha1-MAV0OOrGz3+MR2fzhkjWaX11yQM=",
            "requires": {
                "minimist": "0.0.8"
            }
        },
        "once": {
            "version": "1.4.0",
            "resolved": "https://registry.npmjs.org/once/-/once-1.4.0.tgz",
            "integrity": "sha1-WDsap3WWHUsROsF9nFC6753Xa9E=",
            "requires": {
                "wrappy": "1"
            }
        },
        "path-is-absolute": {
            "version": "1.0.1",
            "resolved": "https://registry.npmjs.org/path-is-absolute/-/path-is-absolute-1.0.1.tgz",
            "integrity": "sha1-F0uSaHNVNP+8es5r9TpanhtcX18="
        },
        "pg-int8": {
            "version": "1.0.1",
            "resolved": "http://localhost:4873/pg-int8/-/pg-int8-1.0.1.tgz",
            "integrity": "sha512-WCtabS6t3c8SkpDBUlb1kjOs7l66xsGdKpIPZsg4wR+B3+u9UAum2odSsF9tnvxg80h4ZxLWMy4pRjOsFIqQpw=="
        },
        "pg-protocol": {
            "version": "1.5.0",
            "resolved": "http://localhost:4873/pg-protocol/-/pg-protocol-1.5.0.tgz",
            "integrity": "sha512-muRttij7H8TqRNu/DxrAJQITO4Ac7RmX3Klyr/9mJEOBeIpgnF8f9jAfRz5d3XwQZl5qBjF9gLsUtMPJE0vezQ=="
        },
        "pg-types": {
            "version": "2.2.0",
            "resolved": "http://localhost:4873/pg-types/-/pg-types-2.2.0.tgz",
            "integrity": "sha512-qTAAlrEsl8s4OiEQY69wDvcMIdQN6wdz5ojQiOy6YRMuynxenON0O5oCpJI6lshc6scgAY8qvJ2On/p+CXY0GA==",
            "requires": {
                "pg-int8": "1.0.1",
                "postgres-array": "~2.0.0",
                "postgres-bytea": "~1.0.0",
                "postgres-date": "~1.0.4",
                "postgres-interval": "^1.1.0"
            }
        },
        "pluralize": {
            "version": "7.0.0",
            "resolved": "http://localhost:4873/pluralize/-/pluralize-7.0.0.tgz",
            "integrity": "sha512-ARhBOdzS3e41FbkW/XWrTEtukqqLoK5+Z/4UeDaLuSW+39JPeFgs4gCGqsrJHVZX0fUrx//4OF0K1CUGwlIFow=="
        },
        "postgres-array": {
            "version": "2.0.0",
            "resolved": "http://localhost:4873/postgres-array/-/postgres-array-2.0.0.tgz",
            "integrity": "sha512-VpZrUqU5A69eQyW2c5CA1jtLecCsN2U/bD6VilrFDWq5+5UIEVO7nazS3TEcHf1zuPYO/sqGvUvW62g86RXZuA=="
        },
        "postgres-bytea": {
            "version": "1.0.0",
            "resolved": "http://localhost:4873/postgres-bytea/-/postgres-bytea-1.0.0.tgz",
            "integrity": "sha1-AntTPAqokOJtFy1Hz5zOzFIazTU="
        },
        "postgres-date": {
            "version": "1.0.7",
            "resolved": "http://localhost:4873/postgres-date/-/postgres-date-1.0.7.tgz",
            "integrity": "sha512-suDmjLVQg78nMK2UZ454hAG+OAW+HQPZ6n++TNDUX+L0+uUlLywnoxJKDou51Zm+zTCjrCl0Nq6J9C5hP9vK/Q=="
        },
        "postgres-interval": {
            "version": "1.2.0",
            "resolved": "http://localhost:4873/postgres-interval/-/postgres-interval-1.2.0.tgz",
            "integrity": "sha512-9ZhXKM/rw350N1ovuWHbGxnGh/SNJ4cnxHiM0rxE4VN41wsg8P8zWn9hv/buK00RP4WvlOyr/RBDiptyxVbkZQ==",
            "requires": {
                "xtend": "^4.0.0"
            }
        },
        "process-nextick-args": {
            "version": "2.0.1",
            "resolved": "http://localhost:4873/process-nextick-args/-/process-nextick-args-2.0.1.tgz",
            "integrity": "sha512-3ouUOpQhtgrbOa17J7+uxOTpITYWaGP7/AhoR3+A+/1e9skrzelGi/dXzEYyvbxubEF6Wn2ypscTKiKJFFn1ag=="
        },
        "punycode": {
            "version": "1.3.2",
            "resolved": "https://registry.npmjs.org/punycode/-/punycode-1.3.2.tgz",
            "integrity": "sha1-llOgNvt8HuQjQvIyXM7v6jkmxI0="
        },
        "querystring": {
            "version": "0.2.0",
            "resolved": "https://registry.npmjs.org/querystring/-/querystring-0.2.0.tgz",
            "integrity": "sha1-sgmEkgO7Jd+CDadW50cAWHhSFiA="
        },
        "rimraf": {
            "version": "2.6.2",
            "resolved": "https://registry.npmjs.org/rimraf/-/rimraf-2.6.2.tgz",
            "integrity": "sha512-lreewLK/BlghmxtfH36YYVg1i8IAce4TI7oao75I1g245+6BctqTVQiBP3YUJ9C6DQOXJmkYR9X9fCLtCOJc5w==",
            "requires": {
                "glob": "^7.0.5"
            }
        },
        "safe-buffer": {
            "version": "5.1.2",
            "resolved": "https://registry.npmjs.org/safe-buffer/-/safe-buffer-5.1.2.tgz",
            "integrity": "sha512-Gd2UZBJDkXlY7GbJxfsE8/nvKkUEU1G38c1siN6QP6a9PT9MmHB8GnpscSmMJSoF8LOIrt8ud/wPtojys4G6+g=="
        },
        "sax": {
            "version": "1.2.1",
            "resolved": "https://registry.npmjs.org/sax/-/sax-1.2.1.tgz",
            "integrity": "sha1-e45lYZCyKOgaZq6nSEgNgozS03o="
        },
        "semver": {
            "version": "5.7.1",
            "resolved": "http://localhost:4873/semver/-/semver-5.7.1.tgz",
            "integrity": "sha512-sauaDf/PZdVgrLTNYHRtpXa1iRiKcaebiKQ1BJdpQlWH2lCvexQdX55snPFyK7QzpudqbCI0qXFfOasHdyNDGQ=="
        },
        "setimmediate": {
            "version": "1.0.5",
            "resolved": "https://registry.npmjs.org/setimmediate/-/setimmediate-1.0.5.tgz",
            "integrity": "sha1-KQy7Iy4waULX1+qbg3Mqt4VvgoU="
        },
        "shimmer": {
            "version": "1.2.1",
            "resolved": "http://localhost:4873/shimmer/-/shimmer-1.2.1.tgz",
            "integrity": "sha512-sQTKC1Re/rM6XyFM6fIAGHRPVGvyXfgzIDvzoq608vM+jeyVD0Tu1E6Np0Kc2zAIFWIj963V2800iF/9LPieQw=="
        },
        "stack-chain": {
            "version": "1.3.7",
            "resolved": "http://localhost:4873/stack-chain/-/stack-chain-1.3.7.tgz",
            "integrity": "sha1-0ZLJ/06moiyUxN1FkXHj8AzqEoU="
        },
        "traverse": {
            "version": "0.3.9",
            "resolved": "https://registry.npmjs.org/traverse/-/traverse-0.3.9.tgz",
            "integrity": "sha1-cXuPIgzAu3tE5AUUwisui7xw2Lk="
        },
        "unzipper": {
            "version": "0.10.11",
            "resolved": "http://localhost:4873/unzipper/-/unzipper-0.10.11.tgz",
            "integrity": "sha512-+BrAq2oFqWod5IESRjL3S8baohbevGcVA+teAIOYWM3pDVdseogqbzhhvvmiyQrUNKFUnDMtELW3X8ykbyDCJw==",
            "requires": {
                "big-integer": "^1.6.17",
                "binary": "~0.3.0",
                "bluebird": "~3.4.1",
                "buffer-indexof-polyfill": "~1.0.0",
                "duplexer2": "~0.1.4",
                "fstream": "^1.0.12",
                "graceful-fs": "^4.2.2",
                "listenercount": "~1.0.1",
                "readable-stream": "~2.3.6",
                "setimmediate": "~1.0.4"
            },
            "dependencies": {
                "fstream": {
                    "version": "1.0.12",
                    "resolved": "http://localhost:4873/fstream/-/fstream-1.0.12.tgz",
                    "integrity": "sha512-WvJ193OHa0GHPEL+AycEJgxvBEwyfRkN1vhjca23OaPVMCaLCXTd5qAu82AjTcgP1UJmytkOKb63Ypde7raDIg==",
                    "requires": {
                        "graceful-fs": "^4.1.2",
                        "inherits": "~2.0.0",
                        "mkdirp": ">=0.5 0",
                        "rimraf": "2"
                    }
                },
                "graceful-fs": {
                    "version": "4.2.4",
                    "resolved": "http://localhost:4873/graceful-fs/-/graceful-fs-4.2.4.tgz",
                    "integrity": "sha512-WjKPNJF79dtJAVniUlGGWHYGz2jWxT6VhN/4m1NdkbZ2nOsEF+cI1Edgql5zCRhs/VsQYRvrXctxktVXZUkixw=="
                },
                "readable-stream": {
                    "version": "2.3.7",
                    "resolved": "http://localhost:4873/readable-stream/-/readable-stream-2.3.7.tgz",
                    "integrity": "sha512-Ebho8K4jIbHAxnuxi7o42OrZgF/ZTNcsZj6nRKyUmkhLFq8CHItp/fy6hQZuZmP/n3yZ9VBUbp4zz/mX8hmYPw==",
                    "requires": {
                        "core-util-is": "~1.0.0",
                        "inherits": "~2.0.3",
                        "isarray": "~1.0.0",
                        "process-nextick-args": "~2.0.0",
                        "safe-buffer": "~5.1.1",
                        "string_decoder": "~1.1.1",
                        "util-deprecate": "~1.0.1"
                    }
                },
                "string_decoder": {
                    "version": "1.1.1",
                    "resolved": "http://localhost:4873/string_decoder/-/string_decoder-1.1.1.tgz",
                    "integrity": "sha512-n/ShnvDi6FHbbVfviro+WojiFzv+s8MPMHBczVePfUpDJLwoLT0ht1l4YwBCbi8pJAveEEdnkHyPyTP/mzRfwg==",
                    "requires": {
                        "safe-buffer": "~5.1.0"
                    }
                }
            }
        },
        "uri-templates": {
            "version": "0.2.0",
            "resolved": "http://localhost:4873/uri-templates/-/uri-templates-0.2.0.tgz",
            "integrity": "sha1-K1eEURzJCYaHMekjPCaAl9ELSZ8="
        },
        "url": {
            "version": "0.10.3",
            "resolved": "https://registry.npmjs.org/url/-/url-0.10.3.tgz",
            "integrity": "sha1-Ah5NnHcF8hu/N9A861h2dAJ3TGQ=",
            "requires": {
                "punycode": "1.3.2",
                "querystring": "0.2.0"
            }
        },
        "util-deprecate": {
            "version": "1.0.2",
            "resolved": "http://localhost:4873/util-deprecate/-/util-deprecate-1.0.2.tgz",
            "integrity": "sha1-RQ1Nyfpw3nMnYvvS1KKJgUGaDM8="
        },
        "uuid": {
            "version": "8.3.2",
            "resolved": "http://localhost:4873/uuid/-/uuid-8.3.2.tgz",
            "integrity": "sha512-+NYs2QeMWy+GWFOEm9xnn6HCDp0l7QBD7ml8zLUmJ+93Q5NF0NocErnwkTkXVFNiX3/fpC6afS8Dhb/gz7R7eg=="
        },
        "wrappy": {
            "version": "1.0.2",
            "resolved": "https://registry.npmjs.org/wrappy/-/wrappy-1.0.2.tgz",
            "integrity": "sha1-tSQ9jz7BqjXxNkYFvA0QNuMKtp8="
        },
        "xml2js": {
            "version": "0.4.19",
            "resolved": "https://registry.npmjs.org/xml2js/-/xml2js-0.4.19.tgz",
            "integrity": "sha512-esZnJZJOiJR9wWKMyuvSE1y6Dq5LCuJanqhxslH2bxM6duahNZ+HMpCLhBQGZkbX6xRf8x1Y2eJlgt2q3qo49Q==",
            "requires": {
                "sax": ">=0.6.0",
                "xmlbuilder": "~9.0.1"
            }
        },
        "xmlbuilder": {
            "version": "9.0.7",
            "resolved": "https://registry.npmjs.org/xmlbuilder/-/xmlbuilder-9.0.7.tgz",
            "integrity": "sha1-Ey7mPS7FVlxVfiD0wi35rKaGsQ0="
        },
        "xtend": {
            "version": "4.0.2",
            "resolved": "http://localhost:4873/xtend/-/xtend-4.0.2.tgz",
            "integrity": "sha512-LKYU1iAXJXUgAXn9URjiu+MWhyUXHsvfp7mcuYm9dSUKK0/CjtrUwFAxD82/mCWbtLsGjFIad0wIsod4zrTAEQ=="
        }
    }
}
